dependencies:
- name: eazybank-common
  repository: file://../../eazybank-common
  version: 0.1.0
- name: configserver
  repository: file://../../eazybank-services/configserver
  version: 0.1.0
- name: eurekaserver
  repository: file://../../eazybank-services/eurekaserver
  version: 0.1.0
- name: accounts
  repository: file://../../eazybank-services/accounts
  version: 0.1.0
- name: cards
  repository: file://../../eazybank-services/cards
  version: 0.1.0
- name: loan
  repository: file://../../eazybank-services/loan
  version: 0.1.0
- name: gatewayserver
  repository: file://../../eazybank-services/gatewayserver
  version: 0.1.0
- name: message
  repository: file://../../eazybank-services/message
  version: 0.1.0
digest: sha256:40a873825ce25a56969e0db927b1607fcd95e1bfbf27932dcf828fc0c80586d8
generated: "2024-08-25T00:51:33.0207697+05:30"
